
Microsoft Visual Studio Solution File, Format Version 12.00
# Visual Studio Version 17
VisualStudioVersion = 17.14.36908.2 d17.14
MinimumVisualStudioVersion = 10.0.40219.1
Project("{FAE04EC0-301F-11D3-BF4B-00C04F79EFBC}") = "StackHeapPractice", "StackHeapPractice\StackHeapPractice.csproj", "{57B85B45-FD1D-49FD-A9A7-B954D7BBD4DF}"
EndProject
Global
	GlobalSection(SolutionConfigurationPlatforms) = preSolution
		Debug|Any CPU = Debug|Any CPU
		Release|Any CPU = Release|Any CPU
	EndGlobalSection
	GlobalSection(ProjectConfigurationPlatforms) = postSolution
		{57B85B45-FD1D-49FD-A9A7-B954D7BBD4DF}.Debug|Any CPU.ActiveCfg = Debug|Any CPU
		{57B85B45-FD1D-49FD-A9A7-B954D7BBD4DF}.Debug|Any CPU.Build.0 = Debug|Any CPU
		{57B85B45-FD1D-49FD-A9A7-B954D7BBD4DF}.Release|Any CPU.ActiveCfg = Release|Any CPU
		{57B85B45-FD1D-49FD-A9A7-B954D7BBD4DF}.Release|Any CPU.Build.0 = Release|Any CPU
	EndGlobalSection
	GlobalSection(SolutionProperties) = preSolution
		HideSolutionNode = FALSE
	EndGlobalSection
	GlobalSection(ExtensibilityGlobals) = postSolution
		SolutionGuid = {D0F1265D-CFDA-462B-B926-A335A1BE95C2}
	EndGlobalSection
EndGlobal
